
Microsoft Visual Studio Solution File, Format Version 12.00
# Visual Studio Version 16
VisualStudioVersion = 16.0.32002.261
MinimumVisualStudioVersion = 10.0.40219.1
Project("{FAE04EC0-301F-11D3-BF4B-00C04F79EFBC}") = "Problema 1.2", "Problema 1.2.csproj", "{B3EF5819-E3DF-4F6A-A023-9C42A1249D6D}"
EndProject
Global
	GlobalSection(SolutionConfigurationPlatforms) = preSolution
		Debug|Any CPU = Debug|Any CPU
		Release|Any CPU = Release|Any CPU
	EndGlobalSection
	GlobalSection(ProjectConfigurationPlatforms) = postSolution
		{B3EF5819-E3DF-4F6A-A023-9C42A1249D6D}.Debug|Any CPU.ActiveCfg = Debug|Any CPU
		{B3EF5819-E3DF-4F6A-A023-9C42A1249D6D}.Debug|Any CPU.Build.0 = Debug|Any CPU
		{B3EF5819-E3DF-4F6A-A023-9C42A1249D6D}.Release|Any CPU.ActiveCfg = Release|Any CPU
		{B3EF5819-E3DF-4F6A-A023-9C42A1249D6D}.Release|Any CPU.Build.0 = Release|Any CPU
	EndGlobalSection
	GlobalSection(SolutionProperties) = preSolution
		HideSolutionNode = FALSE
	EndGlobalSection
	GlobalSection(ExtensibilityGlobals) = postSolution
		SolutionGuid = {EE40710F-6E9E-46D6-B9ED-1C00DE965C77}
	EndGlobalSection
EndGlobal
