
Microsoft Visual Studio Solution File, Format Version 12.00
# Visual Studio Version 17
VisualStudioVersion = 17.3.32929.385
MinimumVisualStudioVersion = 10.0.40219.1
Project("{FAE04EC0-301F-11D3-BF4B-00C04F79EFBC}") = "API-ParcialTurnoTarde", "API-ParcialTurnoTarde\API-ParcialTurnoTarde.csproj", "{2CE05EC7-E7E7-40A8-94B6-7A268DDDD45C}"
EndProject
Global
	GlobalSection(SolutionConfigurationPlatforms) = preSolution
		Debug|Any CPU = Debug|Any CPU
		Release|Any CPU = Release|Any CPU
	EndGlobalSection
	GlobalSection(ProjectConfigurationPlatforms) = postSolution
		{2CE05EC7-E7E7-40A8-94B6-7A268DDDD45C}.Debug|Any CPU.ActiveCfg = Debug|Any CPU
		{2CE05EC7-E7E7-40A8-94B6-7A268DDDD45C}.Debug|Any CPU.Build.0 = Debug|Any CPU
		{2CE05EC7-E7E7-40A8-94B6-7A268DDDD45C}.Release|Any CPU.ActiveCfg = Release|Any CPU
		{2CE05EC7-E7E7-40A8-94B6-7A268DDDD45C}.Release|Any CPU.Build.0 = Release|Any CPU
	EndGlobalSection
	GlobalSection(SolutionProperties) = preSolution
		HideSolutionNode = FALSE
	EndGlobalSection
	GlobalSection(ExtensibilityGlobals) = postSolution
		SolutionGuid = {4C7F9F70-B28C-4A8B-A7BD-5FB2CBA943D9}
	EndGlobalSection
EndGlobal
