
Microsoft Visual Studio Solution File, Format Version 12.00
# Visual Studio Version 16
VisualStudioVersion = 16.0.32228.343
MinimumVisualStudioVersion = 10.0.40219.1
Project("{FAE04EC0-301F-11D3-BF4B-00C04F79EFBC}") = "AgenciaViajes", "AgenciaViajes\AgenciaViajes.csproj", "{76588784-D4C8-4D21-8A42-5B3F0D9F9C52}"
EndProject
Global
	GlobalSection(SolutionConfigurationPlatforms) = preSolution
		Debug|Any CPU = Debug|Any CPU
		Release|Any CPU = Release|Any CPU
	EndGlobalSection
	GlobalSection(ProjectConfigurationPlatforms) = postSolution
		{76588784-D4C8-4D21-8A42-5B3F0D9F9C52}.Debug|Any CPU.ActiveCfg = Debug|Any CPU
		{76588784-D4C8-4D21-8A42-5B3F0D9F9C52}.Debug|Any CPU.Build.0 = Debug|Any CPU
		{76588784-D4C8-4D21-8A42-5B3F0D9F9C52}.Release|Any CPU.ActiveCfg = Release|Any CPU
		{76588784-D4C8-4D21-8A42-5B3F0D9F9C52}.Release|Any CPU.Build.0 = Release|Any CPU
	EndGlobalSection
	GlobalSection(SolutionProperties) = preSolution
		HideSolutionNode = FALSE
	EndGlobalSection
	GlobalSection(ExtensibilityGlobals) = postSolution
		SolutionGuid = {54475422-58B5-4B6F-9B8F-3A66351552CB}
	EndGlobalSection
EndGlobal
