
Microsoft Visual Studio Solution File, Format Version 12.00
# Visual Studio Version 17
VisualStudioVersion = 17.3.32819.101
MinimumVisualStudioVersion = 10.0.40219.1
Project("{FAE04EC0-301F-11D3-BF4B-00C04F79EFBC}") = "EquipoQ22", "EquipoQ22\EquipoQ22.csproj", "{6A4C6854-DF25-4A2C-9EDA-3CAC3B3E5854}"
EndProject
Global
	GlobalSection(SolutionConfigurationPlatforms) = preSolution
		Debug|Any CPU = Debug|Any CPU
		Release|Any CPU = Release|Any CPU
	EndGlobalSection
	GlobalSection(ProjectConfigurationPlatforms) = postSolution
		{6A4C6854-DF25-4A2C-9EDA-3CAC3B3E5854}.Debug|Any CPU.ActiveCfg = Debug|Any CPU
		{6A4C6854-DF25-4A2C-9EDA-3CAC3B3E5854}.Debug|Any CPU.Build.0 = Debug|Any CPU
		{6A4C6854-DF25-4A2C-9EDA-3CAC3B3E5854}.Release|Any CPU.ActiveCfg = Release|Any CPU
		{6A4C6854-DF25-4A2C-9EDA-3CAC3B3E5854}.Release|Any CPU.Build.0 = Release|Any CPU
	EndGlobalSection
	GlobalSection(SolutionProperties) = preSolution
		HideSolutionNode = FALSE
	EndGlobalSection
	GlobalSection(ExtensibilityGlobals) = postSolution
		SolutionGuid = {29E1039F-C166-422B-BA4A-413908AB4635}
	EndGlobalSection
EndGlobal
