
Microsoft Visual Studio Solution File, Format Version 12.00
# Visual Studio Version 16
VisualStudioVersion = 16.0.32228.343
MinimumVisualStudioVersion = 10.0.40219.1
Project("{FAE04EC0-301F-11D3-BF4B-00C04F79EFBC}") = "TP2_Programacion_II", "TP2_Programacion_II.csproj", "{822C2A3B-494A-4256-8410-DB24C5509562}"
EndProject
Global
	GlobalSection(SolutionConfigurationPlatforms) = preSolution
		Debug|Any CPU = Debug|Any CPU
		Release|Any CPU = Release|Any CPU
	EndGlobalSection
	GlobalSection(ProjectConfigurationPlatforms) = postSolution
		{822C2A3B-494A-4256-8410-DB24C5509562}.Debug|Any CPU.ActiveCfg = Debug|Any CPU
		{822C2A3B-494A-4256-8410-DB24C5509562}.Debug|Any CPU.Build.0 = Debug|Any CPU
		{822C2A3B-494A-4256-8410-DB24C5509562}.Release|Any CPU.ActiveCfg = Release|Any CPU
		{822C2A3B-494A-4256-8410-DB24C5509562}.Release|Any CPU.Build.0 = Release|Any CPU
	EndGlobalSection
	GlobalSection(SolutionProperties) = preSolution
		HideSolutionNode = FALSE
	EndGlobalSection
	GlobalSection(ExtensibilityGlobals) = postSolution
		SolutionGuid = {BD86191D-F048-44C3-A560-E52F160AAF10}
	EndGlobalSection
EndGlobal
