
Microsoft Visual Studio Solution File, Format Version 12.00
# Visual Studio Version 16
VisualStudioVersion = 16.0.32228.343
MinimumVisualStudioVersion = 10.0.40219.1
Project("{FAE04EC0-301F-11D3-BF4B-00C04F79EFBC}") = "PROBLEMA 2.6 AUTOMOVIL", "PROBLEMA 2.6 AUTOMOVIL\PROBLEMA 2.6 AUTOMOVIL.csproj", "{6F670411-5CEE-42F6-8BA6-0251820864BB}"
EndProject
Global
	GlobalSection(SolutionConfigurationPlatforms) = preSolution
		Debug|Any CPU = Debug|Any CPU
		Release|Any CPU = Release|Any CPU
	EndGlobalSection
	GlobalSection(ProjectConfigurationPlatforms) = postSolution
		{6F670411-5CEE-42F6-8BA6-0251820864BB}.Debug|Any CPU.ActiveCfg = Debug|Any CPU
		{6F670411-5CEE-42F6-8BA6-0251820864BB}.Debug|Any CPU.Build.0 = Debug|Any CPU
		{6F670411-5CEE-42F6-8BA6-0251820864BB}.Release|Any CPU.ActiveCfg = Release|Any CPU
		{6F670411-5CEE-42F6-8BA6-0251820864BB}.Release|Any CPU.Build.0 = Release|Any CPU
	EndGlobalSection
	GlobalSection(SolutionProperties) = preSolution
		HideSolutionNode = FALSE
	EndGlobalSection
	GlobalSection(ExtensibilityGlobals) = postSolution
		SolutionGuid = {8DCA26A8-6177-4F5F-AB95-5B89D12F4A71}
	EndGlobalSection
EndGlobal
