
Microsoft Visual Studio Solution File, Format Version 12.00
# Visual Studio Version 16
VisualStudioVersion = 16.0.32002.261
MinimumVisualStudioVersion = 10.0.40219.1
Project("{FAE04EC0-301F-11D3-BF4B-00C04F79EFBC}") = "Problema 1.4", "Problema 1.4.csproj", "{5BA7FE88-724D-4E2A-B96E-7456E327AD2A}"
EndProject
Global
	GlobalSection(SolutionConfigurationPlatforms) = preSolution
		Debug|Any CPU = Debug|Any CPU
		Release|Any CPU = Release|Any CPU
	EndGlobalSection
	GlobalSection(ProjectConfigurationPlatforms) = postSolution
		{5BA7FE88-724D-4E2A-B96E-7456E327AD2A}.Debug|Any CPU.ActiveCfg = Debug|Any CPU
		{5BA7FE88-724D-4E2A-B96E-7456E327AD2A}.Debug|Any CPU.Build.0 = Debug|Any CPU
		{5BA7FE88-724D-4E2A-B96E-7456E327AD2A}.Release|Any CPU.ActiveCfg = Release|Any CPU
		{5BA7FE88-724D-4E2A-B96E-7456E327AD2A}.Release|Any CPU.Build.0 = Release|Any CPU
	EndGlobalSection
	GlobalSection(SolutionProperties) = preSolution
		HideSolutionNode = FALSE
	EndGlobalSection
	GlobalSection(ExtensibilityGlobals) = postSolution
		SolutionGuid = {46948520-407A-4C6D-94D3-EBFD1A2BE7E3}
	EndGlobalSection
EndGlobal
