
Microsoft Visual Studio Solution File, Format Version 12.00
# Visual Studio Version 16
VisualStudioVersion = 16.0.32002.261
MinimumVisualStudioVersion = 10.0.40219.1
Project("{FAE04EC0-301F-11D3-BF4B-00C04F79EFBC}") = "Problema 1.6", "Problema 1.6.csproj", "{1911B8EB-00BD-43C3-AA3C-68762EA50106}"
EndProject
Global
	GlobalSection(SolutionConfigurationPlatforms) = preSolution
		Debug|Any CPU = Debug|Any CPU
		Release|Any CPU = Release|Any CPU
	EndGlobalSection
	GlobalSection(ProjectConfigurationPlatforms) = postSolution
		{1911B8EB-00BD-43C3-AA3C-68762EA50106}.Debug|Any CPU.ActiveCfg = Debug|Any CPU
		{1911B8EB-00BD-43C3-AA3C-68762EA50106}.Debug|Any CPU.Build.0 = Debug|Any CPU
		{1911B8EB-00BD-43C3-AA3C-68762EA50106}.Release|Any CPU.ActiveCfg = Release|Any CPU
		{1911B8EB-00BD-43C3-AA3C-68762EA50106}.Release|Any CPU.Build.0 = Release|Any CPU
	EndGlobalSection
	GlobalSection(SolutionProperties) = preSolution
		HideSolutionNode = FALSE
	EndGlobalSection
	GlobalSection(ExtensibilityGlobals) = postSolution
		SolutionGuid = {177FC29E-35AE-4E6F-A324-707453F40836}
	EndGlobalSection
EndGlobal
